// !$*UTF8*$!
{
	archiveVersion = 1;
	classes = {
	};
	objectVersion = 46;
	objects = {

/* Begin PBXBuildFile section */
		4F46D3741D66B25000C1F63C /* main.m in Sources */ = {isa = PBXBuildFile; fileRef = 4F46D3731D66B25000C1F63C /* main.m */; };
		4F46D3771D66B25000C1F63C /* AppDelegate.m in Sources */ = {isa = PBXBuildFile; fileRef = 4F46D3761D66B25000C1F63C /* AppDelegate.m */; };
		4F46D37A1D66B25000C1F63C /* ViewController.m in Sources */ = {isa = PBXBuildFile; fileRef = 4F46D3791D66B25000C1F63C /* ViewController.m */; };
		4F46D37D1D66B25000C1F63C /* Main.storyboard in Resources */ = {isa = PBXBuildFile; fileRef = 4F46D37B1D66B25000C1F63C /* Main.storyboard */; };
		4F46D3801D66B25000C1F63C /* MoreTransitionAnimation.xcdatamodeld in Sources */ = {isa = PBXBuildFile; fileRef = 4F46D37E1D66B25000C1F63C /* MoreTransitionAnimation.xcdatamodeld */; };
		4F46D3821D66B25000C1F63C /* Assets.xcassets in Resources */ = {isa = PBXBuildFile; fileRef = 4F46D3811D66B25000C1F63C /* Assets.xcassets */; };
		4F46D3851D66B25000C1F63C /* LaunchScreen.storyboard in Resources */ = {isa = PBXBuildFile; fileRef = 4F46D3831D66B25000C1F63C /* LaunchScreen.storyboard */; };
		4F46D3901D66B25000C1F63C /* MoreTransitionAnimationTests.m in Sources */ = {isa = PBXBuildFile; fileRef = 4F46D38F1D66B25000C1F63C /* MoreTransitionAnimationTests.m */; };
		4F46D39B1D66B25000C1F63C /* MoreTransitionAnimationUITests.m in Sources */ = {isa = PBXBuildFile; fileRef = 4F46D39A1D66B25000C1F63C /* MoreTransitionAnimationUITests.m */; };
		4F46D3B11D66B2B500C1F63C /* DismissAnimation.m in Sources */ = {isa = PBXBuildFile; fileRef = 4F46D3AA1D66B2B500C1F63C /* DismissAnimation.m */; };
		4F46D3B41D66B2B500C1F63C /* PresentAnimation.m in Sources */ = {isa = PBXBuildFile; fileRef = 4F46D3B01D66B2B500C1F63C /* PresentAnimation.m */; };
		4F46D3B81D66B2C900C1F63C /* FirstViewController.m in Sources */ = {isa = PBXBuildFile; fileRef = 4F46D3B61D66B2C900C1F63C /* FirstViewController.m */; };
		4F46D3B91D66B2C900C1F63C /* FirstViewController.xib in Resources */ = {isa = PBXBuildFile; fileRef = 4F46D3B71D66B2C900C1F63C /* FirstViewController.xib */; };
		4F46D3BD1D66B2D600C1F63C /* SecondViewController.m in Sources */ = {isa = PBXBuildFile; fileRef = 4F46D3BB1D66B2D600C1F63C /* SecondViewController.m */; };
		4F46D3BE1D66B2D600C1F63C /* SecondViewController.xib in Resources */ = {isa = PBXBuildFile; fileRef = 4F46D3BC1D66B2D600C1F63C /* SecondViewController.xib */; };
		4F46D3C21D66B2E700C1F63C /* ThirdViewController.m in Sources */ = {isa = PBXBuildFile; fileRef = 4F46D3C01D66B2E700C1F63C /* ThirdViewController.m */; };
		4F46D3C31D66B2E700C1F63C /* ThirdViewController.xib in Resources */ = {isa = PBXBuildFile; fileRef = 4F46D3C11D66B2E700C1F63C /* ThirdViewController.xib */; };
		4F46D3C71D66B37000C1F63C /* firImage.jpeg in Resources */ = {isa = PBXBuildFile; fileRef = 4F46D3C41D66B37000C1F63C /* firImage.jpeg */; };
		4F46D3C81D66B37000C1F63C /* thirdImage.jpg in Resources */ = {isa = PBXBuildFile; fileRef = 4F46D3C51D66B37000C1F63C /* thirdImage.jpg */; };
		4F46D3C91D66B37000C1F63C /* secondImage.jpeg in Resources */ = {isa = PBXBuildFile; fileRef = 4F46D3C61D66B37000C1F63C /* secondImage.jpeg */; };
		4F46D3CD1D66BAA300C1F63C /* FourViewController.m in Sources */ = {isa = PBXBuildFile; fileRef = 4F46D3CB1D66BAA300C1F63C /* FourViewController.m */; };
		4F46D3CE1D66BAA300C1F63C /* FourViewController.xib in Resources */ = {isa = PBXBuildFile; fileRef = 4F46D3CC1D66BAA300C1F63C /* FourViewController.xib */; };
		4F46D3D01D66BAE900C1F63C /* fourImage.jpg in Resources */ = {isa = PBXBuildFile; fileRef = 4F46D3CF1D66BAE900C1F63C /* fourImage.jpg */; };
/* End PBXBuildFile section */

/* Begin PBXContainerItemProxy section */
		4F46D38C1D66B25000C1F63C /* PBXContainerItemProxy */ = {
			isa = PBXContainerItemProxy;
			containerPortal = 4F46D3671D66B25000C1F63C /* Project object */;
			proxyType = 1;
			remoteGlobalIDString = 4F46D36E1D66B25000C1F63C;
			remoteInfo = MoreTransitionAnimation;
		};
		4F46D3971D66B25000C1F63C /* PBXContainerItemProxy */ = {
			isa = PBXContainerItemProxy;
			containerPortal = 4F46D3671D66B25000C1F63C /* Project object */;
			proxyType = 1;
			remoteGlobalIDString = 4F46D36E1D66B25000C1F63C;
			remoteInfo = MoreTransitionAnimation;
		};
/* End PBXContainerItemProxy section */

/* Begin PBXFileReference section */
		4F46D36F1D66B25000C1F63C /* MoreTransitionAnimation.app */ = {isa = PBXFileReference; explicitFileType = wrapper.application; includeInIndex = 0; path = MoreTransitionAnimation.app; sourceTree = BUILT_PRODUCTS_DIR; };
		4F46D3731D66B25000C1F63C /* main.m */ = {isa = PBXFileReference; lastKnownFileType = sourcecode.c.objc; path = main.m; sourceTree = "<group>"; };
		4F46D3751D66B25000C1F63C /* AppDelegate.h */ = {isa = PBXFileReference; lastKnownFileType = sourcecode.c.h; path = AppDelegate.h; sourceTree = "<group>"; };
		4F46D3761D66B25000C1F63C /* AppDelegate.m */ = {isa = PBXFileReference; lastKnownFileType = sourcecode.c.objc; path = AppDelegate.m; sourceTree = "<group>"; };
		4F46D3781D66B25000C1F63C /* ViewController.h */ = {isa = PBXFileReference; lastKnownFileType = sourcecode.c.h; path = ViewController.h; sourceTree = "<group>"; };
		4F46D3791D66B25000C1F63C /* ViewController.m */ = {isa = PBXFileReference; lastKnownFileType = sourcecode.c.objc; path = ViewController.m; sourceTree = "<group>"; };
		4F46D37C1D66B25000C1F63C /* Base */ = {isa = PBXFileReference; lastKnownFileType = file.storyboard; name = Base; path = Base.lproj/Main.storyboard; sourceTree = "<group>"; };
		4F46D37F1D66B25000C1F63C /* MoreTransitionAnimation.xcdatamodel */ = {isa = PBXFileReference; lastKnownFileType = wrapper.xcdatamodel; path = MoreTransitionAnimation.xcdatamodel; sourceTree = "<group>"; };
		4F46D3811D66B25000C1F63C /* Assets.xcassets */ = {isa = PBXFileReference; lastKnownFileType = folder.assetcatalog; path = Assets.xcassets; sourceTree = "<group>"; };
		4F46D3841D66B25000C1F63C /* Base */ = {isa = PBXFileReference; lastKnownFileType = file.storyboard; name = Base; path = Base.lproj/LaunchScreen.storyboard; sourceTree = "<group>"; };
		4F46D3861D66B25000C1F63C /* Info.plist */ = {isa = PBXFileReference; lastKnownFileType = text.plist.xml; path = Info.plist; sourceTree = "<group>"; };
		4F46D38B1D66B25000C1F63C /* MoreTransitionAnimationTests.xctest */ = {isa = PBXFileReference; explicitFileType = wrapper.cfbundle; includeInIndex = 0; path = MoreTransitionAnimationTests.xctest; sourceTree = BUILT_PRODUCTS_DIR; };
		4F46D38F1D66B25000C1F63C /* MoreTransitionAnimationTests.m */ = {isa = PBXFileReference; lastKnownFileType = sourcecode.c.objc; path = MoreTransitionAnimationTests.m; sourceTree = "<group>"; };
		4F46D3911D66B25000C1F63C /* Info.plist */ = {isa = PBXFileReference; lastKnownFileType = text.plist.xml; path = Info.plist; sourceTree = "<group>"; };
		4F46D3961D66B25000C1F63C /* MoreTransitionAnimationUITests.xctest */ = {isa = PBXFileReference; explicitFileType = wrapper.cfbundle; includeInIndex = 0; path = MoreTransitionAnimationUITests.xctest; sourceTree = BUILT_PRODUCTS_DIR; };
		4F46D39A1D66B25000C1F63C /* MoreTransitionAnimationUITests.m */ = {isa = PBXFileReference; lastKnownFileType = sourcecode.c.objc; path = MoreTransitionAnimationUITests.m; sourceTree = "<group>"; };
		4F46D39C1D66B25000C1F63C /* Info.plist */ = {isa = PBXFileReference; lastKnownFileType = text.plist.xml; path = Info.plist; sourceTree = "<group>"; };
		4F46D3A91D66B2B500C1F63C /* DismissAnimation.h */ = {isa = PBXFileReference; fileEncoding = 4; lastKnownFileType = sourcecode.c.h; path = DismissAnimation.h; sourceTree = "<group>"; };
		4F46D3AA1D66B2B500C1F63C /* DismissAnimation.m */ = {isa = PBXFileReference; fileEncoding = 4; lastKnownFileType = sourcecode.c.objc; path = DismissAnimation.m; sourceTree = "<group>"; };
		4F46D3AF1D66B2B500C1F63C /* PresentAnimation.h */ = {isa = PBXFileReference; fileEncoding = 4; lastKnownFileType = sourcecode.c.h; path = PresentAnimation.h; sourceTree = "<group>"; };
		4F46D3B01D66B2B500C1F63C /* PresentAnimation.m */ = {isa = PBXFileReference; fileEncoding = 4; lastKnownFileType = sourcecode.c.objc; path = PresentAnimation.m; sourceTree = "<group>"; };
		4F46D3B51D66B2C900C1F63C /* FirstViewController.h */ = {isa = PBXFileReference; fileEncoding = 4; lastKnownFileType = sourcecode.c.h; path = FirstViewController.h; sourceTree = "<group>"; };
		4F46D3B61D66B2C900C1F63C /* FirstViewController.m */ = {isa = PBXFileReference; fileEncoding = 4; lastKnownFileType = sourcecode.c.objc; path = FirstViewController.m; sourceTree = "<group>"; };
		4F46D3B71D66B2C900C1F63C /* FirstViewController.xib */ = {isa = PBXFileReference; fileEncoding = 4; lastKnownFileType = file.xib; path = FirstViewController.xib; sourceTree = "<group>"; };
		4F46D3BA1D66B2D600C1F63C /* SecondViewController.h */ = {isa = PBXFileReference; fileEncoding = 4; lastKnownFileType = sourcecode.c.h; path = SecondViewController.h; sourceTree = "<group>"; };
		4F46D3BB1D66B2D600C1F63C /* SecondViewController.m */ = {isa = PBXFileReference; fileEncoding = 4; lastKnownFileType = sourcecode.c.objc; path = SecondViewController.m; sourceTree = "<group>"; };
		4F46D3BC1D66B2D600C1F63C /* SecondViewController.xib */ = {isa = PBXFileReference; fileEncoding = 4; lastKnownFileType = file.xib; path = SecondViewController.xib; sourceTree = "<group>"; };
		4F46D3BF1D66B2E700C1F63C /* ThirdViewController.h */ = {isa = PBXFileReference; fileEncoding = 4; lastKnownFileType = sourcecode.c.h; path = ThirdViewController.h; sourceTree = "<group>"; };
		4F46D3C01D66B2E700C1F63C /* ThirdViewController.m */ = {isa = PBXFileReference; fileEncoding = 4; lastKnownFileType = sourcecode.c.objc; path = ThirdViewController.m; sourceTree = "<group>"; };
		4F46D3C11D66B2E700C1F63C /* ThirdViewController.xib */ = {isa = PBXFileReference; fileEncoding = 4; lastKnownFileType = file.xib; path = ThirdViewController.xib; sourceTree = "<group>"; };
		4F46D3C41D66B37000C1F63C /* firImage.jpeg */ = {isa = PBXFileReference; lastKnownFileType = image.jpeg; path = firImage.jpeg; sourceTree = "<group>"; };
		4F46D3C51D66B37000C1F63C /* thirdImage.jpg */ = {isa = PBXFileReference; lastKnownFileType = image.jpeg; path = thirdImage.jpg; sourceTree = "<group>"; };
		4F46D3C61D66B37000C1F63C /* secondImage.jpeg */ = {isa = PBXFileReference; lastKnownFileType = image.jpeg; path = secondImage.jpeg; sourceTree = "<group>"; };
		4F46D3CA1D66BAA300C1F63C /* FourViewController.h */ = {isa = PBXFileReference; fileEncoding = 4; lastKnownFileType = sourcecode.c.h; path = FourViewController.h; sourceTree = "<group>"; };
		4F46D3CB1D66BAA300C1F63C /* FourViewController.m */ = {isa = PBXFileReference; fileEncoding = 4; lastKnownFileType = sourcecode.c.objc; path = FourViewController.m; sourceTree = "<group>"; };
		4F46D3CC1D66BAA300C1F63C /* FourViewController.xib */ = {isa = PBXFileReference; fileEncoding = 4; lastKnownFileType = file.xib; path = FourViewController.xib; sourceTree = "<group>"; };
		4F46D3CF1D66BAE900C1F63C /* fourImage.jpg */ = {isa = PBXFileReference; lastKnownFileType = image.jpeg; path = fourImage.jpg; sourceTree = "<group>"; };
/* End PBXFileReference section */

/* Begin PBXFrameworksBuildPhase section */
		4F46D36C1D66B25000C1F63C /* Frameworks */ = {
			isa = PBXFrameworksBuildPhase;
			buildActionMask = 2147483647;
			files = (
			);
			runOnlyForDeploymentPostprocessing = 0;
		};
		4F46D3881D66B25000C1F63C /* Frameworks */ = {
			isa = PBXFrameworksBuildPhase;
			buildActionMask = 2147483647;
			files = (
			);
			runOnlyForDeploymentPostprocessing = 0;
		};
		4F46D3931D66B25000C1F63C /* Frameworks */ = {
			isa = PBXFrameworksBuildPhase;
			buildActionMask = 2147483647;
			files = (
			);
			runOnlyForDeploymentPostprocessing = 0;
		};
/* End PBXFrameworksBuildPhase section */

/* Begin PBXGroup section */
		4F46D3661D66B25000C1F63C = {
			isa = PBXGroup;
			children = (
				4F46D3711D66B25000C1F63C /* MoreTransitionAnimation */,
				4F46D38E1D66B25000C1F63C /* MoreTransitionAnimationTests */,
				4F46D3991D66B25000C1F63C /* MoreTransitionAnimationUITests */,
				4F46D3701D66B25000C1F63C /* Products */,
				4F46D3C41D66B37000C1F63C /* firImage.jpeg */,
				4F46D3C51D66B37000C1F63C /* thirdImage.jpg */,
				4F46D3C61D66B37000C1F63C /* secondImage.jpeg */,
				4F46D3CF1D66BAE900C1F63C /* fourImage.jpg */,
			);
			sourceTree = "<group>";
		};
		4F46D3701D66B25000C1F63C /* Products */ = {
			isa = PBXGroup;
			children = (
				4F46D36F1D66B25000C1F63C /* MoreTransitionAnimation.app */,
				4F46D38B1D66B25000C1F63C /* MoreTransitionAnimationTests.xctest */,
				4F46D3961D66B25000C1F63C /* MoreTransitionAnimationUITests.xctest */,
			);
			name = Products;
			sourceTree = "<group>";
		};
		4F46D3711D66B25000C1F63C /* MoreTransitionAnimation */ = {
			isa = PBXGroup;
			children = (
				4F46D3A81D66B2B500C1F63C /* Animations */,
				4F46D3751D66B25000C1F63C /* AppDelegate.h */,
				4F46D3761D66B25000C1F63C /* AppDelegate.m */,
				4F46D3781D66B25000C1F63C /* ViewController.h */,
				4F46D3791D66B25000C1F63C /* ViewController.m */,
				4F46D3B51D66B2C900C1F63C /* FirstViewController.h */,
				4F46D3B61D66B2C900C1F63C /* FirstViewController.m */,
				4F46D3B71D66B2C900C1F63C /* FirstViewController.xib */,
				4F46D3BA1D66B2D600C1F63C /* SecondViewController.h */,
				4F46D3BB1D66B2D600C1F63C /* SecondViewController.m */,
				4F46D3BC1D66B2D600C1F63C /* SecondViewController.xib */,
				4F46D3BF1D66B2E700C1F63C /* ThirdViewController.h */,
				4F46D3C01D66B2E700C1F63C /* ThirdViewController.m */,
				4F46D3C11D66B2E700C1F63C /* ThirdViewController.xib */,
				4F46D3CA1D66BAA300C1F63C /* FourViewController.h */,
				4F46D3CB1D66BAA300C1F63C /* FourViewController.m */,
				4F46D3CC1D66BAA300C1F63C /* FourViewController.xib */,
				4F46D37B1D66B25000C1F63C /* Main.storyboard */,
				4F46D3811D66B25000C1F63C /* Assets.xcassets */,
				4F46D3831D66B25000C1F63C /* LaunchScreen.storyboard */,
				4F46D3861D66B25000C1F63C /* Info.plist */,
				4F46D37E1D66B25000C1F63C /* MoreTransitionAnimation.xcdatamodeld */,
				4F46D3721D66B25000C1F63C /* Supporting Files */,
			);
			path = MoreTransitionAnimation;
			sourceTree = "<group>";
		};
		4F46D3721D66B25000C1F63C /* Supporting Files */ = {
			isa = PBXGroup;
			children = (
				4F46D3731D66B25000C1F63C /* main.m */,
			);
			name = "Supporting Files";
			sourceTree = "<group>";
		};
		4F46D38E1D66B25000C1F63C /* MoreTransitionAnimationTests */ = {
			isa = PBXGroup;
			children = (
				4F46D38F1D66B25000C1F63C /* MoreTransitionAnimationTests.m */,
				4F46D3911D66B25000C1F63C /* Info.plist */,
			);
			path = MoreTransitionAnimationTests;
			sourceTree = "<group>";
		};
		4F46D3991D66B25000C1F63C /* MoreTransitionAnimationUITests */ = {
			isa = PBXGroup;
			children = (
				4F46D39A1D66B25000C1F63C /* MoreTransitionAnimationUITests.m */,
				4F46D39C1D66B25000C1F63C /* Info.plist */,
			);
			path = MoreTransitionAnimationUITests;
			sourceTree = "<group>";
		};
		4F46D3A81D66B2B500C1F63C /* Animations */ = {
			isa = PBXGroup;
			children = (
				4F46D3A91D66B2B500C1F63C /* DismissAnimation.h */,
				4F46D3AA1D66B2B500C1F63C /* DismissAnimation.m */,
				4F46D3AF1D66B2B500C1F63C /* PresentAnimation.h */,
				4F46D3B01D66B2B500C1F63C /* PresentAnimation.m */,
			);
			path = Animations;
			sourceTree = "<group>";
		};
/* End PBXGroup section */

/* Begin PBXNativeTarget section */
		4F46D36E1D66B25000C1F63C /* MoreTransitionAnimation */ = {
			isa = PBXNativeTarget;
			buildConfigurationList = 4F46D39F1D66B25000C1F63C /* Build configuration list for PBXNativeTarget "MoreTransitionAnimation" */;
			buildPhases = (
				4F46D36B1D66B25000C1F63C /* Sources */,
				4F46D36C1D66B25000C1F63C /* Frameworks */,
				4F46D36D1D66B25000C1F63C /* Resources */,
			);
			buildRules = (
			);
			dependencies = (
			);
			name = MoreTransitionAnimation;
			productName = MoreTransitionAnimation;
			productReference = 4F46D36F1D66B25000C1F63C /* MoreTransitionAnimation.app */;
			productType = "com.apple.product-type.application";
		};
		4F46D38A1D66B25000C1F63C /* MoreTransitionAnimationTests */ = {
			isa = PBXNativeTarget;
			buildConfigurationList = 4F46D3A21D66B25000C1F63C /* Build configuration list for PBXNativeTarget "MoreTransitionAnimationTests" */;
			buildPhases = (
				4F46D3871D66B25000C1F63C /* Sources */,
				4F46D3881D66B25000C1F63C /* Frameworks */,
				4F46D3891D66B25000C1F63C /* Resources */,
			);
			buildRules = (
			);
			dependencies = (
				4F46D38D1D66B25000C1F63C /* PBXTargetDependency */,
			);
			name = MoreTransitionAnimationTests;
			productName = MoreTransitionAnimationTests;
			productReference = 4F46D38B1D66B25000C1F63C /* MoreTransitionAnimationTests.xctest */;
			productType = "com.apple.product-type.bundle.unit-test";
		};
		4F46D3951D66B25000C1F63C /* MoreTransitionAnimationUITests */ = {
			isa = PBXNativeTarget;
			buildConfigurationList = 4F46D3A51D66B25000C1F63C /* Build configuration list for PBXNativeTarget "MoreTransitionAnimationUITests" */;
			buildPhases = (
				4F46D3921D66B25000C1F63C /* Sources */,
				4F46D3931D66B25000C1F63C /* Frameworks */,
				4F46D3941D66B25000C1F63C /* Resources */,
			);
			buildRules = (
			);
			dependencies = (
				4F46D3981D66B25000C1F63C /* PBXTargetDependency */,
			);
			name = MoreTransitionAnimationUITests;
			productName = MoreTransitionAnimationUITests;
			productReference = 4F46D3961D66B25000C1F63C /* MoreTransitionAnimationUITests.xctest */;
			productType = "com.apple.product-type.bundle.ui-testing";
		};
/* End PBXNativeTarget section */

/* Begin PBXProject section */
		4F46D3671D66B25000C1F63C /* Project object */ = {
			isa = PBXProject;
			attributes = {
				LastUpgradeCheck = 0720;
				ORGANIZATIONNAME = longbang;
				TargetAttributes = {
					4F46D36E1D66B25000C1F63C = {
						CreatedOnToolsVersion = 7.2.1;
					};
					4F46D38A1D66B25000C1F63C = {
						CreatedOnToolsVersion = 7.2.1;
						TestTargetID = 4F46D36E1D66B25000C1F63C;
					};
					4F46D3951D66B25000C1F63C = {
						CreatedOnToolsVersion = 7.2.1;
						TestTargetID = 4F46D36E1D66B25000C1F63C;
					};
				};
			};
			buildConfigurationList = 4F46D36A1D66B25000C1F63C /* Build configuration list for PBXProject "MoreTransitionAnimation" */;
			compatibilityVersion = "Xcode 3.2";
			developmentRegion = English;
			hasScannedForEncodings = 0;
			knownRegions = (
				en,
				Base,
			);
			mainGroup = 4F46D3661D66B25000C1F63C;
			productRefGroup = 4F46D3701D66B25000C1F63C /* Products */;
			projectDirPath = "";
			projectRoot = "";
			targets = (
				4F46D36E1D66B25000C1F63C /* MoreTransitionAnimation */,
				4F46D38A1D66B25000C1F63C /* MoreTransitionAnimationTests */,
				4F46D3951D66B25000C1F63C /* MoreTransitionAnimationUITests */,
			);
		};
/* End PBXProject section */

/* Begin PBXResourcesBuildPhase section */
		4F46D36D1D66B25000C1F63C /* Resources */ = {
			isa = PBXResourcesBuildPhase;
			buildActionMask = 2147483647;
			files = (
				4F46D3851D66B25000C1F63C /* LaunchScreen.storyboard in Resources */,
				4F46D3821D66B25000C1F63C /* Assets.xcassets in Resources */,
				4F46D3C91D66B37000C1F63C /* secondImage.jpeg in Resources */,
				4F46D3C31D66B2E700C1F63C /* ThirdViewController.xib in Resources */,
				4F46D3D01D66BAE900C1F63C /* fourImage.jpg in Resources */,
				4F46D3C81D66B37000C1F63C /* thirdImage.jpg in Resources */,
				4F46D37D1D66B25000C1F63C /* Main.storyboard in Resources */,
				4F46D3CE1D66BAA300C1F63C /* FourViewController.xib in Resources */,
				4F46D3B91D66B2C900C1F63C /* FirstViewController.xib in Resources */,
				4F46D3C71D66B37000C1F63C /* firImage.jpeg in Resources */,
				4F46D3BE1D66B2D600C1F63C /* SecondViewController.xib in Resources */,
			);
			runOnlyForDeploymentPostprocessing = 0;
		};
		4F46D3891D66B25000C1F63C /* Resources */ = {
			isa = PBXResourcesBuildPhase;
			buildActionMask = 2147483647;
			files = (
			);
			runOnlyForDeploymentPostprocessing = 0;
		};
		4F46D3941D66B25000C1F63C /* Resources */ = {
			isa = PBXResourcesBuildPhase;
			buildActionMask = 2147483647;
			files = (
			);
			runOnlyForDeploymentPostprocessing = 0;
		};
/* End PBXResourcesBuildPhase section */

/* Begin PBXSourcesBuildPhase section */
		4F46D36B1D66B25000C1F63C /* Sources */ = {
			isa = PBXSourcesBuildPhase;
			buildActionMask = 2147483647;
			files = (
				4F46D3BD1D66B2D600C1F63C /* SecondViewController.m in Sources */,
				4F46D37A1D66B25000C1F63C /* ViewController.m in Sources */,
				4F46D3B81D66B2C900C1F63C /* FirstViewController.m in Sources */,
				4F46D3771D66B25000C1F63C /* AppDelegate.m in Sources */,
				4F46D3801D66B25000C1F63C /* MoreTransitionAnimation.xcdatamodeld in Sources */,
				4F46D3C21D66B2E700C1F63C /* ThirdViewController.m in Sources */,
				4F46D3CD1D66BAA300C1F63C /* FourViewController.m in Sources */,
				4F46D3741D66B25000C1F63C /* main.m in Sources */,
				4F46D3B11D66B2B500C1F63C /* DismissAnimation.m in Sources */,
				4F46D3B41D66B2B500C1F63C /* PresentAnimation.m in Sources */,
			);
			runOnlyForDeploymentPostprocessing = 0;
		};
		4F46D3871D66B25000C1F63C /* Sources */ = {
			isa = PBXSourcesBuildPhase;
			buildActionMask = 2147483647;
			files = (
				4F46D3901D66B25000C1F63C /* MoreTransitionAnimationTests.m in Sources */,
			);
			runOnlyForDeploymentPostprocessing = 0;
		};
		4F46D3921D66B25000C1F63C /* Sources */ = {
			isa = PBXSourcesBuildPhase;
			buildActionMask = 2147483647;
			files = (
				4F46D39B1D66B25000C1F63C /* MoreTransitionAnimationUITests.m in Sources */,
			);
			runOnlyForDeploymentPostprocessing = 0;
		};
/* End PBXSourcesBuildPhase section */

/* Begin PBXTargetDependency section */
		4F46D38D1D66B25000C1F63C /* PBXTargetDependency */ = {
			isa = PBXTargetDependency;
			target = 4F46D36E1D66B25000C1F63C /* MoreTransitionAnimation */;
			targetProxy = 4F46D38C1D66B25000C1F63C /* PBXContainerItemProxy */;
		};
		4F46D3981D66B25000C1F63C /* PBXTargetDependency */ = {
			isa = PBXTargetDependency;
			target = 4F46D36E1D66B25000C1F63C /* MoreTransitionAnimation */;
			targetProxy = 4F46D3971D66B25000C1F63C /* PBXContainerItemProxy */;
		};
/* End PBXTargetDependency section */

/* Begin PBXVariantGroup section */
		4F46D37B1D66B25000C1F63C /* Main.storyboard */ = {
			isa = PBXVariantGroup;
			children = (
				4F46D37C1D66B25000C1F63C /* Base */,
			);
			name = Main.storyboard;
			sourceTree = "<group>";
		};
		4F46D3831D66B25000C1F63C /* LaunchScreen.storyboard */ = {
			isa = PBXVariantGroup;
			children = (
				4F46D3841D66B25000C1F63C /* Base */,
			);
			name = LaunchScreen.storyboard;
			sourceTree = "<group>";
		};
/* End PBXVariantGroup section */

/* Begin XCBuildConfiguration section */
		4F46D39D1D66B25000C1F63C /* Debug */ = {
			isa = XCBuildConfiguration;
			buildSettings = {
				ALWAYS_SEARCH_USER_PATHS = NO;
				CLANG_CXX_LANGUAGE_STANDARD = "gnu++0x";
				CLANG_CXX_LIBRARY = "libc++";
				CLANG_ENABLE_MODULES = YES;
				CLANG_ENABLE_OBJC_ARC = YES;
				CLANG_WARN_BOOL_CONVERSION = YES;
				CLANG_WARN_CONSTANT_CONVERSION = YES;
				CLANG_WARN_DIRECT_OBJC_ISA_USAGE = YES_ERROR;
				CLANG_WARN_EMPTY_BODY = YES;
				CLANG_WARN_ENUM_CONVERSION = YES;
				CLANG_WARN_INT_CONVERSION = YES;
				CLANG_WARN_OBJC_ROOT_CLASS = YES_ERROR;
				CLANG_WARN_UNREACHABLE_CODE = YES;
				CLANG_WARN__DUPLICATE_METHOD_MATCH = YES;
				"CODE_SIGN_IDENTITY[sdk=iphoneos*]" = "iPhone Developer";
				COPY_PHASE_STRIP = NO;
				DEBUG_INFORMATION_FORMAT = dwarf;
				ENABLE_STRICT_OBJC_MSGSEND = YES;
				ENABLE_TESTABILITY = YES;
				GCC_C_LANGUAGE_STANDARD = gnu99;
				GCC_DYNAMIC_NO_PIC = NO;
				GCC_NO_COMMON_BLOCKS = YES;
				GCC_OPTIMIZATION_LEVEL = 0;
				GCC_PREPROCESSOR_DEFINITIONS = (
					"DEBUG=1",
					"$(inherited)",
				);
				GCC_WARN_64_TO_32_BIT_CONVERSION = YES;
				GCC_WARN_ABOUT_RETURN_TYPE = YES_ERROR;
				GCC_WARN_UNDECLARED_SELECTOR = YES;
				GCC_WARN_UNINITIALIZED_AUTOS = YES_AGGRESSIVE;
				GCC_WARN_UNUSED_FUNCTION = YES;
				GCC_WARN_UNUSED_VARIABLE = YES;
				IPHONEOS_DEPLOYMENT_TARGET = 9.2;
				MTL_ENABLE_DEBUG_INFO = YES;
				ONLY_ACTIVE_ARCH = YES;
				SDKROOT = iphoneos;
				TARGETED_DEVICE_FAMILY = "1,2";
			};
			name = Debug;
		};
		4F46D39E1D66B25000C1F63C /* Release */ = {
			isa = XCBuildConfiguration;
			buildSettings = {
				ALWAYS_SEARCH_USER_PATHS = NO;
				CLANG_CXX_LANGUAGE_STANDARD = "gnu++0x";
				CLANG_CXX_LIBRARY = "libc++";
				CLANG_ENABLE_MODULES = YES;
				CLANG_ENABLE_OBJC_ARC = YES;
				CLANG_WARN_BOOL_CONVERSION = YES;
				CLANG_WARN_CONSTANT_CONVERSION = YES;
				CLANG_WARN_DIRECT_OBJC_ISA_USAGE = YES_ERROR;
				CLANG_WARN_EMPTY_BODY = YES;
				CLANG_WARN_ENUM_CONVERSION = YES;
				CLANG_WARN_INT_CONVERSION = YES;
				CLANG_WARN_OBJC_ROOT_CLASS = YES_ERROR;
				CLANG_WARN_UNREACHABLE_CODE = YES;
				CLANG_WARN__DUPLICATE_METHOD_MATCH = YES;
				"CODE_SIGN_IDENTITY[sdk=iphoneos*]" = "iPhone Developer";
				COPY_PHASE_STRIP = NO;
				DEBUG_INFORMATION_FORMAT = "dwarf-with-dsym";
				ENABLE_NS_ASSERTIONS = NO;
				ENABLE_STRICT_OBJC_MSGSEND = YES;
				GCC_C_LANGUAGE_STANDARD = gnu99;
				GCC_NO_COMMON_BLOCKS = YES;
				GCC_WARN_64_TO_32_BIT_CONVERSION = YES;
				GCC_WARN_ABOUT_RETURN_TYPE = YES_ERROR;
				GCC_WARN_UNDECLARED_SELECTOR = YES;
				GCC_WARN_UNINITIALIZED_AUTOS = YES_AGGRESSIVE;
				GCC_WARN_UNUSED_FUNCTION = YES;
				GCC_WARN_UNUSED_VARIABLE = YES;
				IPHONEOS_DEPLOYMENT_TARGET = 9.2;
				MTL_ENABLE_DEBUG_INFO = NO;
				SDKROOT = iphoneos;
				TARGETED_DEVICE_FAMILY = "1,2";
				VALIDATE_PRODUCT = YES;
			};
			name = Release;
		};
		4F46D3A01D66B25000C1F63C /* Debug */ = {
			isa = XCBuildConfiguration;
			buildSettings = {
				ASSETCATALOG_COMPILER_APPICON_NAME = AppIcon;
				INFOPLIST_FILE = MoreTransitionAnimation/Info.plist;
				LD_RUNPATH_SEARCH_PATHS = "$(inherited) @executable_path/Frameworks";
				PRODUCT_BUNDLE_IDENTIFIER = com.longwatch.MoreTransitionAnimation;
				PRODUCT_NAME = "$(TARGET_NAME)";
			};
			name = Debug;
		};
		4F46D3A11D66B25000C1F63C /* Release */ = {
			isa = XCBuildConfiguration;
			buildSettings = {
				ASSETCATALOG_COMPILER_APPICON_NAME = AppIcon;
				INFOPLIST_FILE = MoreTransitionAnimation/Info.plist;
				LD_RUNPATH_SEARCH_PATHS = "$(inherited) @executable_path/Frameworks";
				PRODUCT_BUNDLE_IDENTIFIER = com.longwatch.MoreTransitionAnimation;
				PRODUCT_NAME = "$(TARGET_NAME)";
			};
			name = Release;
		};
		4F46D3A31D66B25000C1F63C /* Debug */ = {
			isa = XCBuildConfiguration;
			buildSettings = {
				BUNDLE_LOADER = "$(TEST_HOST)";
				INFOPLIST_FILE = MoreTransitionAnimationTests/Info.plist;
				LD_RUNPATH_SEARCH_PATHS = "$(inherited) @executable_path/Frameworks @loader_path/Frameworks";
				PRODUCT_BUNDLE_IDENTIFIER = com.longwatch.MoreTransitionAnimationTests;
				PRODUCT_NAME = "$(TARGET_NAME)";
				TEST_HOST = "$(BUILT_PRODUCTS_DIR)/MoreTransitionAnimation.app/MoreTransitionAnimation";
			};
			name = Debug;
		};
		4F46D3A41D66B25000C1F63C /* Release */ = {
			isa = XCBuildConfiguration;
			buildSettings = {
				BUNDLE_LOADER = "$(TEST_HOST)";
				INFOPLIST_FILE = MoreTransitionAnimationTests/Info.plist;
				LD_RUNPATH_SEARCH_PATHS = "$(inherited) @executable_path/Frameworks @loader_path/Frameworks";
				PRODUCT_BUNDLE_IDENTIFIER = com.longwatch.MoreTransitionAnimationTests;
				PRODUCT_NAME = "$(TARGET_NAME)";
				TEST_HOST = "$(BUILT_PRODUCTS_DIR)/MoreTransitionAnimation.app/MoreTransitionAnimation";
			};
			name = Release;
		};
		4F46D3A61D66B25000C1F63C /* Debug */ = {
			isa = XCBuildConfiguration;
			buildSettings = {
				INFOPLIST_FILE = MoreTransitionAnimationUITests/Info.plist;
				LD_RUNPATH_SEARCH_PATHS = "$(inherited) @executable_path/Frameworks @loader_path/Frameworks";
				PRODUCT_BUNDLE_IDENTIFIER = com.longwatch.MoreTransitionAnimationUITests;
				PRODUCT_NAME = "$(TARGET_NAME)";
				TEST_TARGET_NAME = MoreTransitionAnimation;
				USES_XCTRUNNER = YES;
			};
			name = Debug;
		};
		4F46D3A71D66B25000C1F63C /* Release */ = {
			isa = XCBuildConfiguration;
			buildSettings = {
				INFOPLIST_FILE = MoreTransitionAnimationUITests/Info.plist;
				LD_RUNPATH_SEARCH_PATHS = "$(inherited) @executable_path/Frameworks @loader_path/Frameworks";
				PRODUCT_BUNDLE_IDENTIFIER = com.longwatch.MoreTransitionAnimationUITests;
				PRODUCT_NAME = "$(TARGET_NAME)";
				TEST_TARGET_NAME = MoreTransitionAnimation;
				USES_XCTRUNNER = YES;
			};
			name = Release;
		};
/* End XCBuildConfiguration section */

/* Begin XCConfigurationList section */
		4F46D36A1D66B25000C1F63C /* Build configuration list for PBXProject "MoreTransitionAnimation" */ = {
			isa = XCConfigurationList;
			buildConfigurations = (
				4F46D39D1D66B25000C1F63C /* Debug */,
				4F46D39E1D66B25000C1F63C /* Release */,
			);
			defaultConfigurationIsVisible = 0;
			defaultConfigurationName = Release;
		};
		4F46D39F1D66B25000C1F63C /* Build configuration list for PBXNativeTarget "MoreTransitionAnimation" */ = {
			isa = XCConfigurationList;
			buildConfigurations = (
				4F46D3A01D66B25000C1F63C /* Debug */,
				4F46D3A11D66B25000C1F63C /* Release */,
			);
			defaultConfigurationIsVisible = 0;
		};
		4F46D3A21D66B25000C1F63C /* Build configuration list for PBXNativeTarget "MoreTransitionAnimationTests" */ = {
			isa = XCConfigurationList;
			buildConfigurations = (
				4F46D3A31D66B25000C1F63C /* Debug */,
				4F46D3A41D66B25000C1F63C /* Release */,
			);
			defaultConfigurationIsVisible = 0;
		};
		4F46D3A51D66B25000C1F63C /* Build configuration list for PBXNativeTarget "MoreTransitionAnimationUITests" */ = {
			isa = XCConfigurationList;
			buildConfigurations = (
				4F46D3A61D66B25000C1F63C /* Debug */,
				4F46D3A71D66B25000C1F63C /* Release */,
			);
			defaultConfigurationIsVisible = 0;
		};
/* End XCConfigurationList section */

/* Begin XCVersionGroup section */
		4F46D37E1D66B25000C1F63C /* MoreTransitionAnimation.xcdatamodeld */ = {
			isa = XCVersionGroup;
			children = (
				4F46D37F1D66B25000C1F63C /* MoreTransitionAnimation.xcdatamodel */,
			);
			currentVersion = 4F46D37F1D66B25000C1F63C /* MoreTransitionAnimation.xcdatamodel */;
			path = MoreTransitionAnimation.xcdatamodeld;
			sourceTree = "<group>";
			versionGroupType = wrapper.xcdatamodel;
		};
/* End XCVersionGroup section */
	};
	rootObject = 4F46D3671D66B25000C1F63C /* Project object */;
}
